
Microsoft Visual Studio Solution File, Format Version 12.00
# Visual Studio Version 17
VisualStudioVersion = 17.13.35931.197
MinimumVisualStudioVersion = 10.0.40219.1
Project("{FAE04EC0-301F-11D3-BF4B-00C04F79EFBC}") = "WebApp", "WebApp\WebApp.csproj", "{6DC35C11-2912-437F-B9D3-BB9F1E1BC025}"
EndProject
Project("{FAE04EC0-301F-11D3-BF4B-00C04F79EFBC}") = "Program C", "Program C\Program C.csproj", "{03CA9216-A8D4-407A-B3FC-88E4A29636F4}"
EndProject
Project("{FAE04EC0-301F-11D3-BF4B-00C04F79EFBC}") = "ViewApp", "ViewApp\ViewApp.csproj", "{950982BE-7397-487F-9293-C7BFC4A377BB}"
EndProject
Project("{FAE04EC0-301F-11D3-BF4B-00C04F79EFBC}") = "MyModel", "MyModel\MyModel.csproj", "{C3A97DB5-F554-435A-AB55-F65FA9E56B05}"
EndProject
Project("{FAE04EC0-301F-11D3-BF4B-00C04F79EFBC}") = "Northwind_DBFirst", "Northwind_DBFirst\Northwind_DBFirst.csproj", "{C8109885-20E7-F523-D8B4-FE92B1463446}"
EndProject
Project("{FAE04EC0-301F-11D3-BF4B-00C04F79EFBC}") = "MyModel_CodeFirst", "MyModel_CodeFirst\MyModel_CodeFirst.csproj", "{95F1B32F-D385-4343-94E7-342DBC94D554}"
EndProject
Project("{FAE04EC0-301F-11D3-BF4B-00C04F79EFBC}") = "WebApi", "WebApi\WebApi.csproj", "{F5C960C5-EC65-4858-B2FB-2D03AB0CF31B}"
EndProject
Project("{FAE04EC0-301F-11D3-BF4B-00C04F79EFBC}") = "Hotel", "Hotel\Hotel.csproj", "{BF904258-2FB0-456E-82FF-1E4C197869F6}"
EndProject
Global
	GlobalSection(SolutionConfigurationPlatforms) = preSolution
		Debug|Any CPU = Debug|Any CPU
		Release|Any CPU = Release|Any CPU
	EndGlobalSection
	GlobalSection(ProjectConfigurationPlatforms) = postSolution
		{6DC35C11-2912-437F-B9D3-BB9F1E1BC025}.Debug|Any CPU.ActiveCfg = Debug|Any CPU
		{6DC35C11-2912-437F-B9D3-BB9F1E1BC025}.Debug|Any CPU.Build.0 = Debug|Any CPU
		{6DC35C11-2912-437F-B9D3-BB9F1E1BC025}.Release|Any CPU.ActiveCfg = Release|Any CPU
		{6DC35C11-2912-437F-B9D3-BB9F1E1BC025}.Release|Any CPU.Build.0 = Release|Any CPU
		{03CA9216-A8D4-407A-B3FC-88E4A29636F4}.Debug|Any CPU.ActiveCfg = Debug|Any CPU
		{03CA9216-A8D4-407A-B3FC-88E4A29636F4}.Debug|Any CPU.Build.0 = Debug|Any CPU
		{03CA9216-A8D4-407A-B3FC-88E4A29636F4}.Release|Any CPU.ActiveCfg = Release|Any CPU
		{03CA9216-A8D4-407A-B3FC-88E4A29636F4}.Release|Any CPU.Build.0 = Release|Any CPU
		{950982BE-7397-487F-9293-C7BFC4A377BB}.Debug|Any CPU.ActiveCfg = Debug|Any CPU
		{950982BE-7397-487F-9293-C7BFC4A377BB}.Debug|Any CPU.Build.0 = Debug|Any CPU
		{950982BE-7397-487F-9293-C7BFC4A377BB}.Release|Any CPU.ActiveCfg = Release|Any CPU
		{950982BE-7397-487F-9293-C7BFC4A377BB}.Release|Any CPU.Build.0 = Release|Any CPU
		{C3A97DB5-F554-435A-AB55-F65FA9E56B05}.Debug|Any CPU.ActiveCfg = Debug|Any CPU
		{C3A97DB5-F554-435A-AB55-F65FA9E56B05}.Debug|Any CPU.Build.0 = Debug|Any CPU
		{C3A97DB5-F554-435A-AB55-F65FA9E56B05}.Release|Any CPU.ActiveCfg = Release|Any CPU
		{C3A97DB5-F554-435A-AB55-F65FA9E56B05}.Release|Any CPU.Build.0 = Release|Any CPU
		{C8109885-20E7-F523-D8B4-FE92B1463446}.Debug|Any CPU.ActiveCfg = Debug|Any CPU
		{C8109885-20E7-F523-D8B4-FE92B1463446}.Debug|Any CPU.Build.0 = Debug|Any CPU
		{C8109885-20E7-F523-D8B4-FE92B1463446}.Release|Any CPU.ActiveCfg = Release|Any CPU
		{C8109885-20E7-F523-D8B4-FE92B1463446}.Release|Any CPU.Build.0 = Release|Any CPU
		{95F1B32F-D385-4343-94E7-342DBC94D554}.Debug|Any CPU.ActiveCfg = Debug|Any CPU
		{95F1B32F-D385-4343-94E7-342DBC94D554}.Debug|Any CPU.Build.0 = Debug|Any CPU
		{95F1B32F-D385-4343-94E7-342DBC94D554}.Release|Any CPU.ActiveCfg = Release|Any CPU
		{95F1B32F-D385-4343-94E7-342DBC94D554}.Release|Any CPU.Build.0 = Release|Any CPU
		{F5C960C5-EC65-4858-B2FB-2D03AB0CF31B}.Debug|Any CPU.ActiveCfg = Debug|Any CPU
		{F5C960C5-EC65-4858-B2FB-2D03AB0CF31B}.Debug|Any CPU.Build.0 = Debug|Any CPU
		{F5C960C5-EC65-4858-B2FB-2D03AB0CF31B}.Release|Any CPU.ActiveCfg = Release|Any CPU
		{F5C960C5-EC65-4858-B2FB-2D03AB0CF31B}.Release|Any CPU.Build.0 = Release|Any CPU
		{BF904258-2FB0-456E-82FF-1E4C197869F6}.Debug|Any CPU.ActiveCfg = Debug|Any CPU
		{BF904258-2FB0-456E-82FF-1E4C197869F6}.Debug|Any CPU.Build.0 = Debug|Any CPU
		{BF904258-2FB0-456E-82FF-1E4C197869F6}.Release|Any CPU.ActiveCfg = Release|Any CPU
		{BF904258-2FB0-456E-82FF-1E4C197869F6}.Release|Any CPU.Build.0 = Release|Any CPU
	EndGlobalSection
	GlobalSection(SolutionProperties) = preSolution
		HideSolutionNode = FALSE
	EndGlobalSection
	GlobalSection(ExtensibilityGlobals) = postSolution
		SolutionGuid = {474006E6-E87C-4231-932D-4564E4014FC7}
	EndGlobalSection
EndGlobal
